
Microsoft Visual Studio Solution File, Format Version 12.00
# Visual Studio Version 16
VisualStudioVersion = 16.0.30114.105
MinimumVisualStudioVersion = 10.0.40219.1
Project("{FAE04EC0-301F-11D3-BF4B-00C04F79EFBC}") = "Paint", "Paint\Paint.csproj", "{59FA6E6A-A45F-403D-99F7-5403D7F57CAF}"
EndProject
Global
	GlobalSection(SolutionConfigurationPlatforms) = preSolution
		Debug|Any CPU = Debug|Any CPU
		Release|Any CPU = Release|Any CPU
	EndGlobalSection
	GlobalSection(ProjectConfigurationPlatforms) = postSolution
		{59FA6E6A-A45F-403D-99F7-5403D7F57CAF}.Debug|Any CPU.ActiveCfg = Debug|Any CPU
		{59FA6E6A-A45F-403D-99F7-5403D7F57CAF}.Debug|Any CPU.Build.0 = Debug|Any CPU
		{59FA6E6A-A45F-403D-99F7-5403D7F57CAF}.Release|Any CPU.ActiveCfg = Release|Any CPU
		{59FA6E6A-A45F-403D-99F7-5403D7F57CAF}.Release|Any CPU.Build.0 = Release|Any CPU
	EndGlobalSection
	GlobalSection(SolutionProperties) = preSolution
		HideSolutionNode = FALSE
	EndGlobalSection
	GlobalSection(ExtensibilityGlobals) = postSolution
		SolutionGuid = {C5EBFDC4-758E-4F72-BE2E-6F4BC58F816E}
	EndGlobalSection
EndGlobal
